Microsoft Visual Studio Solution File, Format Version 12.00
# Visual Studio Version 17
VisualStudioVersion = 17.14.36109.1
MinimumVisualStudioVersion = 10.0.40219.1
Project("{FAE04EC0-301F-11D3-BF4B-00C04F79EFBC}") = "AspireApp3.AppHost", "AspireApp3.AppHost\AspireApp3.AppHost.csproj", "{173FF3E4-623C-4DAD-BB69-BD84CC3ABC23}"
EndProject
Project("{FAE04EC0-301F-11D3-BF4B-00C04F79EFBC}") = "AspireApp3.ServiceDefaults", "AspireApp3.ServiceDefaults\AspireApp3.ServiceDefaults.csproj", "{A29DA894-E65C-BA42-3678-4B261A84533A}"
EndProject
Project("{FAE04EC0-301F-11D3-BF4B-00C04F79EFBC}") = "WebApplication2", "WebApplication2\WebApplication2.csproj", "{F6CC55CC-4C48-05CF-9997-EAA913F81323}"
EndProject
Global
	GlobalSection(SolutionConfigurationPlatforms) = preSolution
		Debug|Any CPU = Debug|Any CPU
		Release|Any CPU = Release|Any CPU
	EndGlobalSection
	GlobalSection(ProjectConfigurationPlatforms) = postSolution
		{173FF3E4-623C-4DAD-BB69-BD84CC3ABC23}.Debug|Any CPU.ActiveCfg = Debug|Any CPU
		{173FF3E4-623C-4DAD-BB69-BD84CC3ABC23}.Debug|Any CPU.Build.0 = Debug|Any CPU
		{173FF3E4-623C-4DAD-BB69-BD84CC3ABC23}.Release|Any CPU.ActiveCfg = Release|Any CPU
		{173FF3E4-623C-4DAD-BB69-BD84CC3ABC23}.Release|Any CPU.Build.0 = Release|Any CPU
		{A29DA894-E65C-BA42-3678-4B261A84533A}.Debug|Any CPU.ActiveCfg = Debug|Any CPU
		{A29DA894-E65C-BA42-3678-4B261A84533A}.Debug|Any CPU.Build.0 = Debug|Any CPU
		{A29DA894-E65C-BA42-3678-4B261A84533A}.Release|Any CPU.ActiveCfg = Release|Any CPU
		{A29DA894-E65C-BA42-3678-4B261A84533A}.Release|Any CPU.Build.0 = Release|Any CPU
		{F6CC55CC-4C48-05CF-9997-EAA913F81323}.Debug|Any CPU.ActiveCfg = Debug|Any CPU
		{F6CC55CC-4C48-05CF-9997-EAA913F81323}.Debug|Any CPU.Build.0 = Debug|Any CPU
		{F6CC55CC-4C48-05CF-9997-EAA913F81323}.Release|Any CPU.ActiveCfg = Release|Any CPU
		{F6CC55CC-4C48-05CF-9997-EAA913F81323}.Release|Any CPU.Build.0 = Release|Any CPU
	EndGlobalSection
	GlobalSection(SolutionProperties) = preSolution
		HideSolutionNode = FALSE
	EndGlobalSection
	GlobalSection(ExtensibilityGlobals) = postSolution
		SolutionGuid = {7ADE7F88-729F-4CE5-97CD-934C0DF9C1CB}
	EndGlobalSection
EndGlobal
