
Microsoft Visual Studio Solution File, Format Version 12.00
# Visual Studio Version 17
VisualStudioVersion = 17.14.36109.1 d17.14
MinimumVisualStudioVersion = 10.0.40219.1
Project("{FAE04EC0-301F-11D3-BF4B-00C04F79EFBC}") = "WebApplication2", "WebApplication2.csproj", "{F7BA1C21-2B03-497E-91D7-562B5725DD54}"
EndProject
Global
	GlobalSection(SolutionConfigurationPlatforms) = preSolution
		Debug|Any CPU = Debug|Any CPU
		Release|Any CPU = Release|Any CPU
	EndGlobalSection
	GlobalSection(ProjectConfigurationPlatforms) = postSolution
		{F7BA1C21-2B03-497E-91D7-562B5725DD54}.Debug|Any CPU.ActiveCfg = Debug|Any CPU
		{F7BA1C21-2B03-497E-91D7-562B5725DD54}.Debug|Any CPU.Build.0 = Debug|Any CPU
		{F7BA1C21-2B03-497E-91D7-562B5725DD54}.Release|Any CPU.ActiveCfg = Release|Any CPU
		{F7BA1C21-2B03-497E-91D7-562B5725DD54}.Release|Any CPU.Build.0 = Release|Any CPU
	EndGlobalSection
	GlobalSection(SolutionProperties) = preSolution
		HideSolutionNode = FALSE
	EndGlobalSection
	GlobalSection(ExtensibilityGlobals) = postSolution
		SolutionGuid = {D62D6712-0A1D-473D-A6C4-5244358013C2}
	EndGlobalSection
EndGlobal
